{
  "name": "strata-sctl-kernel-components-1-3-4",
  "version": "0.9.4-simplified-runtime",
  "lockfileVersion": 3,
  "requires": true,
  "packages": {
    "": {
      "name": "strata-sctl-kernel-components-1-3-4",
      "version": "0.9.4-simplified-runtime",
      "license": "Apache-2.0",
      "bin": {
        "sctl": "src/cli.js",
        "strata-sctl": "src/cli.js"
      },
      "engines": {
        "node": ">=22"
      }
    }
  }
}
